
Microsoft Visual Studio Solution File, Format Version 12.00
# Visual Studio 15
VisualStudioVersion = 15.0.26730.3
MinimumVisualStudioVersion = 10.0.40219.1
Project("{FAE04EC0-301F-11D3-BF4B-00C04F79EFBC}") = "AAAA chetnii tsifri in masive", "AAAA chetnii tsifri in masive\AAAA chetnii tsifri in masive.csproj", "{929063D5-C8CA-42C2-A4D1-CF7DD880F8D2}"
EndProject
Global
	GlobalSection(SolutionConfigurationPlatforms) = preSolution
		Debug|Any CPU = Debug|Any CPU
		Release|Any CPU = Release|Any CPU
	EndGlobalSection
	GlobalSection(ProjectConfigurationPlatforms) = postSolution
		{929063D5-C8CA-42C2-A4D1-CF7DD880F8D2}.Debug|Any CPU.ActiveCfg = Debug|Any CPU
		{929063D5-C8CA-42C2-A4D1-CF7DD880F8D2}.Debug|Any CPU.Build.0 = Debug|Any CPU
		{929063D5-C8CA-42C2-A4D1-CF7DD880F8D2}.Release|Any CPU.ActiveCfg = Release|Any CPU
		{929063D5-C8CA-42C2-A4D1-CF7DD880F8D2}.Release|Any CPU.Build.0 = Release|Any CPU
	EndGlobalSection
	GlobalSection(SolutionProperties) = preSolution
		HideSolutionNode = FALSE
	EndGlobalSection
	GlobalSection(ExtensibilityGlobals) = postSolution
		SolutionGuid = {A51A5F75-F6A0-449A-B709-06C75AFC10CF}
	EndGlobalSection
EndGlobal
