
Microsoft Visual Studio Solution File, Format Version 12.00
# Visual Studio 15
VisualStudioVersion = 15.0.26730.3
MinimumVisualStudioVersion = 10.0.40219.1
Project("{FAE04EC0-301F-11D3-BF4B-00C04F79EFBC}") = "WTF", "WTF\WTF.csproj", "{D898A8F2-88DE-42DD-84C6-E53C42252CD8}"
EndProject
Global
	GlobalSection(SolutionConfigurationPlatforms) = preSolution
		Debug|Any CPU = Debug|Any CPU
		Release|Any CPU = Release|Any CPU
	EndGlobalSection
	GlobalSection(ProjectConfigurationPlatforms) = postSolution
		{D898A8F2-88DE-42DD-84C6-E53C42252CD8}.Debug|Any CPU.ActiveCfg = Debug|Any CPU
		{D898A8F2-88DE-42DD-84C6-E53C42252CD8}.Debug|Any CPU.Build.0 = Debug|Any CPU
		{D898A8F2-88DE-42DD-84C6-E53C42252CD8}.Release|Any CPU.ActiveCfg = Release|Any CPU
		{D898A8F2-88DE-42DD-84C6-E53C42252CD8}.Release|Any CPU.Build.0 = Release|Any CPU
	EndGlobalSection
	GlobalSection(SolutionProperties) = preSolution
		HideSolutionNode = FALSE
	EndGlobalSection
	GlobalSection(ExtensibilityGlobals) = postSolution
		SolutionGuid = {C0BA63F8-1A00-4F95-92B7-E3895D408FA9}
	EndGlobalSection
EndGlobal
