
Microsoft Visual Studio Solution File, Format Version 12.00
# Visual Studio 15
VisualStudioVersion = 15.0.26730.3
MinimumVisualStudioVersion = 10.0.40219.1
Project("{FAE04EC0-301F-11D3-BF4B-00C04F79EFBC}") = "ConsoleApp39", "ConsoleApp39\ConsoleApp39.csproj", "{8F5B5CFC-81D6-4CBB-B9B7-B177F7EC6FAF}"
EndProject
Global
	GlobalSection(SolutionConfigurationPlatforms) = preSolution
		Debug|Any CPU = Debug|Any CPU
		Release|Any CPU = Release|Any CPU
	EndGlobalSection
	GlobalSection(ProjectConfigurationPlatforms) = postSolution
		{8F5B5CFC-81D6-4CBB-B9B7-B177F7EC6FAF}.Debug|Any CPU.ActiveCfg = Debug|Any CPU
		{8F5B5CFC-81D6-4CBB-B9B7-B177F7EC6FAF}.Debug|Any CPU.Build.0 = Debug|Any CPU
		{8F5B5CFC-81D6-4CBB-B9B7-B177F7EC6FAF}.Release|Any CPU.ActiveCfg = Release|Any CPU
		{8F5B5CFC-81D6-4CBB-B9B7-B177F7EC6FAF}.Release|Any CPU.Build.0 = Release|Any CPU
	EndGlobalSection
	GlobalSection(SolutionProperties) = preSolution
		HideSolutionNode = FALSE
	EndGlobalSection
	GlobalSection(ExtensibilityGlobals) = postSolution
		SolutionGuid = {59108A4D-2479-420C-A97F-442F39E0143E}
	EndGlobalSection
EndGlobal
