
Microsoft Visual Studio Solution File, Format Version 12.00
# Visual Studio 15
VisualStudioVersion = 15.0.26730.3
MinimumVisualStudioVersion = 10.0.40219.1
Project("{FAE04EC0-301F-11D3-BF4B-00C04F79EFBC}") = "nadoelo_pridumiyvate_Nazvaniya", "nadoelo_pridumiyvate_Nazvaniya\nadoelo_pridumiyvate_Nazvaniya.csproj", "{59B0B777-BF54-4293-95D0-62B360CD5284}"
EndProject
Global
	GlobalSection(SolutionConfigurationPlatforms) = preSolution
		Debug|Any CPU = Debug|Any CPU
		Release|Any CPU = Release|Any CPU
	EndGlobalSection
	GlobalSection(ProjectConfigurationPlatforms) = postSolution
		{59B0B777-BF54-4293-95D0-62B360CD5284}.Debug|Any CPU.ActiveCfg = Debug|Any CPU
		{59B0B777-BF54-4293-95D0-62B360CD5284}.Debug|Any CPU.Build.0 = Debug|Any CPU
		{59B0B777-BF54-4293-95D0-62B360CD5284}.Release|Any CPU.ActiveCfg = Release|Any CPU
		{59B0B777-BF54-4293-95D0-62B360CD5284}.Release|Any CPU.Build.0 = Release|Any CPU
	EndGlobalSection
	GlobalSection(SolutionProperties) = preSolution
		HideSolutionNode = FALSE
	EndGlobalSection
	GlobalSection(ExtensibilityGlobals) = postSolution
		SolutionGuid = {5B36E868-5743-4CB0-B985-8F076B8B9646}
	EndGlobalSection
EndGlobal
