
Microsoft Visual Studio Solution File, Format Version 12.00
# Visual Studio 15
VisualStudioVersion = 15.0.26730.3
MinimumVisualStudioVersion = 10.0.40219.1
Project("{FAE04EC0-301F-11D3-BF4B-00C04F79EFBC}") = "ConsoleApp2", "ConsoleApp2.csproj", "{A3B8FB08-ECF7-48C6-9F5F-B79D2B03C424}"
EndProject
Global
	GlobalSection(SolutionConfigurationPlatforms) = preSolution
		Debug|Any CPU = Debug|Any CPU
		Release|Any CPU = Release|Any CPU
	EndGlobalSection
	GlobalSection(ProjectConfigurationPlatforms) = postSolution
		{A3B8FB08-ECF7-48C6-9F5F-B79D2B03C424}.Debug|Any CPU.ActiveCfg = Debug|Any CPU
		{A3B8FB08-ECF7-48C6-9F5F-B79D2B03C424}.Debug|Any CPU.Build.0 = Debug|Any CPU
		{A3B8FB08-ECF7-48C6-9F5F-B79D2B03C424}.Release|Any CPU.ActiveCfg = Release|Any CPU
		{A3B8FB08-ECF7-48C6-9F5F-B79D2B03C424}.Release|Any CPU.Build.0 = Release|Any CPU
	EndGlobalSection
	GlobalSection(SolutionProperties) = preSolution
		HideSolutionNode = FALSE
	EndGlobalSection
	GlobalSection(ExtensibilityGlobals) = postSolution
		SolutionGuid = {CBE22D43-3A4B-4C11-AAF5-AA6370384E52}
	EndGlobalSection
EndGlobal
