
Microsoft Visual Studio Solution File, Format Version 12.00
# Visual Studio 15
VisualStudioVersion = 15.0.26730.3
MinimumVisualStudioVersion = 10.0.40219.1
Project("{FAE04EC0-301F-11D3-BF4B-00C04F79EFBC}") = "Slovo_vo_imya_Lenina_i_Revolytsyi", "Slovo_vo_imya_Lenina_i_Revolytsyi.csproj", "{F48B1818-E099-459D-9892-4FE460432086}"
EndProject
Global
	GlobalSection(SolutionConfigurationPlatforms) = preSolution
		Debug|Any CPU = Debug|Any CPU
		Release|Any CPU = Release|Any CPU
	EndGlobalSection
	GlobalSection(ProjectConfigurationPlatforms) = postSolution
		{F48B1818-E099-459D-9892-4FE460432086}.Debug|Any CPU.ActiveCfg = Debug|Any CPU
		{F48B1818-E099-459D-9892-4FE460432086}.Debug|Any CPU.Build.0 = Debug|Any CPU
		{F48B1818-E099-459D-9892-4FE460432086}.Release|Any CPU.ActiveCfg = Release|Any CPU
		{F48B1818-E099-459D-9892-4FE460432086}.Release|Any CPU.Build.0 = Release|Any CPU
	EndGlobalSection
	GlobalSection(SolutionProperties) = preSolution
		HideSolutionNode = FALSE
	EndGlobalSection
	GlobalSection(ExtensibilityGlobals) = postSolution
		SolutionGuid = {8CC11EC1-0A4C-47D7-A8C5-7EFF742BD2F1}
	EndGlobalSection
EndGlobal
